
Microsoft Visual Studio Solution File, Format Version 12.00
# Visual Studio Version 16
VisualStudioVersion = 16.0.31025.194
MinimumVisualStudioVersion = 10.0.40219.1
Project("{FAE04EC0-301F-11D3-BF4B-00C04F79EFBC}") = "BazaDanych", "BazaDanych.csproj", "{9999D098-44A1-46A8-87DB-5C3AE08E7DCC}"
EndProject
Global
	GlobalSection(SolutionConfigurationPlatforms) = preSolution
		Debug|Any CPU = Debug|Any CPU
		Release|Any CPU = Release|Any CPU
	EndGlobalSection
	GlobalSection(ProjectConfigurationPlatforms) = postSolution
		{9999D098-44A1-46A8-87DB-5C3AE08E7DCC}.Debug|Any CPU.ActiveCfg = Debug|Any CPU
		{9999D098-44A1-46A8-87DB-5C3AE08E7DCC}.Debug|Any CPU.Build.0 = Debug|Any CPU
		{9999D098-44A1-46A8-87DB-5C3AE08E7DCC}.Release|Any CPU.ActiveCfg = Release|Any CPU
		{9999D098-44A1-46A8-87DB-5C3AE08E7DCC}.Release|Any CPU.Build.0 = Release|Any CPU
	EndGlobalSection
	GlobalSection(SolutionProperties) = preSolution
		HideSolutionNode = FALSE
	EndGlobalSection
	GlobalSection(ExtensibilityGlobals) = postSolution
		SolutionGuid = {B3CE6E53-BC39-404C-B467-610EC5C54F9D}
	EndGlobalSection
EndGlobal
